
Microsoft Visual Studio Solution File, Format Version 12.00
# Visual Studio Version 17
VisualStudioVersion = 17.3.32825.248
MinimumVisualStudioVersion = 10.0.40219.1
Project("{9A19103F-16F7-4668-BE54-9A1E7A4F7556}") = "VGService", "VGService\VGService.csproj", "{23165288-3DF8-4AA3-98BB-0DDCE0044650}"
EndProject
Project("{FAE04EC0-301F-11D3-BF4B-00C04F79EFBC}") = "VGApi.Api", "VGApi.Api\VGApi.Api.csproj", "{F67CD103-1923-4EA7-9042-CD4B5763A545}"
EndProject
Global
	GlobalSection(SolutionConfigurationPlatforms) = preSolution
		Debug|Any CPU = Debug|Any CPU
		Release|Any CPU = Release|Any CPU
	EndGlobalSection
	GlobalSection(ProjectConfigurationPlatforms) = postSolution
		{23165288-3DF8-4AA3-98BB-0DDCE0044650}.Debug|Any CPU.ActiveCfg = Debug|Any CPU
		{23165288-3DF8-4AA3-98BB-0DDCE0044650}.Debug|Any CPU.Build.0 = Debug|Any CPU
		{23165288-3DF8-4AA3-98BB-0DDCE0044650}.Release|Any CPU.ActiveCfg = Release|Any CPU
		{23165288-3DF8-4AA3-98BB-0DDCE0044650}.Release|Any CPU.Build.0 = Release|Any CPU
		{F67CD103-1923-4EA7-9042-CD4B5763A545}.Debug|Any CPU.ActiveCfg = Debug|Any CPU
		{F67CD103-1923-4EA7-9042-CD4B5763A545}.Debug|Any CPU.Build.0 = Debug|Any CPU
		{F67CD103-1923-4EA7-9042-CD4B5763A545}.Release|Any CPU.ActiveCfg = Release|Any CPU
		{F67CD103-1923-4EA7-9042-CD4B5763A545}.Release|Any CPU.Build.0 = Release|Any CPU
	EndGlobalSection
	GlobalSection(SolutionProperties) = preSolution
		HideSolutionNode = FALSE
	EndGlobalSection
	GlobalSection(ExtensibilityGlobals) = postSolution
		SolutionGuid = {886779FE-B1AA-4B88-BFBA-4ED6187FC214}
	EndGlobalSection
EndGlobal
