
Microsoft Visual Studio Solution File, Format Version 12.00
# Visual Studio Version 17
VisualStudioVersion = 17.3.32825.248
MinimumVisualStudioVersion = 10.0.40219.1
Project("{9A19103F-16F7-4668-BE54-9A1E7A4F7556}") = "VGManager.Services", "VGManager.Services\VGManager.Services.csproj", "{23165288-3DF8-4AA3-98BB-0DDCE0044650}"
EndProject
Project("{9A19103F-16F7-4668-BE54-9A1E7A4F7556}") = "VGManager.Api", "VGManager.Api\VGManager.Api.csproj", "{F67CD103-1923-4EA7-9042-CD4B5763A545}"
EndProject
Project("{9A19103F-16F7-4668-BE54-9A1E7A4F7556}") = "VGManager.AzureAdapter", "VGManager.AzureAdapter\VGManager.AzureAdapter.csproj", "{7139BBFE-AE80-45A1-A70C-6385EC1ECB9A}"
EndProject
Project("{2150E333-8FDC-42A3-9474-1A3956D46DE8}") = "Tests", "Tests", "{D854C5B6-4514-4911-91CA-47D747484C97}"
EndProject
Project("{9A19103F-16F7-4668-BE54-9A1E7A4F7556}") = "VGManager.Api.Tests", "VGManager.Api.Tests\VGManager.Api.Tests.csproj", "{DF517D09-FE0B-488E-89B9-520CD948E95B}"
EndProject
Project("{2150E333-8FDC-42A3-9474-1A3956D46DE8}") = "Build", "Build", "{47DE5E48-002C-40E6-A9CD-4F0FCC6608A6}"
	ProjectSection(SolutionItems) = preProject
		Directory.Build.props = Directory.Build.props
		Directory.Build.targets = Directory.Build.targets
		nuget.config = nuget.config
	EndProjectSection
EndProject
Project("{2150E333-8FDC-42A3-9474-1A3956D46DE8}") = "Solution items", "Solution items", "{37117FB8-241F-405A-AA1C-299A8F2521A0}"
	ProjectSection(SolutionItems) = preProject
		.editorconfig = .editorconfig
	EndProjectSection
EndProject
Project("{9A19103F-16F7-4668-BE54-9A1E7A4F7556}") = "VGManager.AzureAdapter.Tests", "VGManager.AzureAdapter.Tests\VGManager.AzureAdapter.Tests.csproj", "{C6F947FD-23CF-42A2-80CA-29A390DC1A7C}"
EndProject
Project("{9A19103F-16F7-4668-BE54-9A1E7A4F7556}") = "VGManager.Repositories", "VGManager.Repositories\VGManager.Repositories.csproj", "{3AAEF334-F6EF-4630-89A2-57ECEE52997F}"
EndProject
Project("{9A19103F-16F7-4668-BE54-9A1E7A4F7556}") = "VGManager.Repositories.Interfaces", "VGManager.Repositories.Interfaces\VGManager.Repositories.Interfaces.csproj", "{3110A898-E935-4DF9-96C7-7733E399BCFC}"
EndProject
Project("{9A19103F-16F7-4668-BE54-9A1E7A4F7556}") = "VGManager.Entities", "VGManager.Entities\VGManager.Entities.csproj", "{86882663-30D4-44AE-B764-7AE5773D2E43}"
EndProject
Project("{9A19103F-16F7-4668-BE54-9A1E7A4F7556}") = "VGManager.Migrations.PostgreSql", "VGManager.Migrations.PostgreSql\VGManager.Migrations.PostgreSql.csproj", "{A22E72EE-1B1D-4630-8994-7D5AA0AD2F1E}"
EndProject
Project("{FAE04EC0-301F-11D3-BF4B-00C04F79EFBC}") = "VGManager.Models", "VGManager.Models\VGManager.Models.csproj", "{7068676A-0DED-49A2-8C57-8F75C038EDD5}"
EndProject
Global
	GlobalSection(SolutionConfigurationPlatforms) = preSolution
		Debug|Any CPU = Debug|Any CPU
		Release|Any CPU = Release|Any CPU
	EndGlobalSection
	GlobalSection(ProjectConfigurationPlatforms) = postSolution
		{23165288-3DF8-4AA3-98BB-0DDCE0044650}.Debug|Any CPU.ActiveCfg = Debug|Any CPU
		{23165288-3DF8-4AA3-98BB-0DDCE0044650}.Debug|Any CPU.Build.0 = Debug|Any CPU
		{23165288-3DF8-4AA3-98BB-0DDCE0044650}.Release|Any CPU.ActiveCfg = Release|Any CPU
		{23165288-3DF8-4AA3-98BB-0DDCE0044650}.Release|Any CPU.Build.0 = Release|Any CPU
		{F67CD103-1923-4EA7-9042-CD4B5763A545}.Debug|Any CPU.ActiveCfg = Debug|Any CPU
		{F67CD103-1923-4EA7-9042-CD4B5763A545}.Debug|Any CPU.Build.0 = Debug|Any CPU
		{F67CD103-1923-4EA7-9042-CD4B5763A545}.Release|Any CPU.ActiveCfg = Release|Any CPU
		{F67CD103-1923-4EA7-9042-CD4B5763A545}.Release|Any CPU.Build.0 = Release|Any CPU
		{7139BBFE-AE80-45A1-A70C-6385EC1ECB9A}.Debug|Any CPU.ActiveCfg = Debug|Any CPU
		{7139BBFE-AE80-45A1-A70C-6385EC1ECB9A}.Debug|Any CPU.Build.0 = Debug|Any CPU
		{7139BBFE-AE80-45A1-A70C-6385EC1ECB9A}.Release|Any CPU.ActiveCfg = Release|Any CPU
		{7139BBFE-AE80-45A1-A70C-6385EC1ECB9A}.Release|Any CPU.Build.0 = Release|Any CPU
		{DF517D09-FE0B-488E-89B9-520CD948E95B}.Debug|Any CPU.ActiveCfg = Debug|Any CPU
		{DF517D09-FE0B-488E-89B9-520CD948E95B}.Debug|Any CPU.Build.0 = Debug|Any CPU
		{DF517D09-FE0B-488E-89B9-520CD948E95B}.Release|Any CPU.ActiveCfg = Release|Any CPU
		{DF517D09-FE0B-488E-89B9-520CD948E95B}.Release|Any CPU.Build.0 = Release|Any CPU
		{C6F947FD-23CF-42A2-80CA-29A390DC1A7C}.Debug|Any CPU.ActiveCfg = Debug|Any CPU
		{C6F947FD-23CF-42A2-80CA-29A390DC1A7C}.Debug|Any CPU.Build.0 = Debug|Any CPU
		{C6F947FD-23CF-42A2-80CA-29A390DC1A7C}.Release|Any CPU.ActiveCfg = Release|Any CPU
		{C6F947FD-23CF-42A2-80CA-29A390DC1A7C}.Release|Any CPU.Build.0 = Release|Any CPU
		{3AAEF334-F6EF-4630-89A2-57ECEE52997F}.Debug|Any CPU.ActiveCfg = Debug|Any CPU
		{3AAEF334-F6EF-4630-89A2-57ECEE52997F}.Debug|Any CPU.Build.0 = Debug|Any CPU
		{3AAEF334-F6EF-4630-89A2-57ECEE52997F}.Release|Any CPU.ActiveCfg = Release|Any CPU
		{3AAEF334-F6EF-4630-89A2-57ECEE52997F}.Release|Any CPU.Build.0 = Release|Any CPU
		{3110A898-E935-4DF9-96C7-7733E399BCFC}.Debug|Any CPU.ActiveCfg = Debug|Any CPU
		{3110A898-E935-4DF9-96C7-7733E399BCFC}.Debug|Any CPU.Build.0 = Debug|Any CPU
		{3110A898-E935-4DF9-96C7-7733E399BCFC}.Release|Any CPU.ActiveCfg = Release|Any CPU
		{3110A898-E935-4DF9-96C7-7733E399BCFC}.Release|Any CPU.Build.0 = Release|Any CPU
		{86882663-30D4-44AE-B764-7AE5773D2E43}.Debug|Any CPU.ActiveCfg = Debug|Any CPU
		{86882663-30D4-44AE-B764-7AE5773D2E43}.Debug|Any CPU.Build.0 = Debug|Any CPU
		{86882663-30D4-44AE-B764-7AE5773D2E43}.Release|Any CPU.ActiveCfg = Release|Any CPU
		{86882663-30D4-44AE-B764-7AE5773D2E43}.Release|Any CPU.Build.0 = Release|Any CPU
		{A22E72EE-1B1D-4630-8994-7D5AA0AD2F1E}.Debug|Any CPU.ActiveCfg = Debug|Any CPU
		{A22E72EE-1B1D-4630-8994-7D5AA0AD2F1E}.Debug|Any CPU.Build.0 = Debug|Any CPU
		{A22E72EE-1B1D-4630-8994-7D5AA0AD2F1E}.Release|Any CPU.ActiveCfg = Release|Any CPU
		{A22E72EE-1B1D-4630-8994-7D5AA0AD2F1E}.Release|Any CPU.Build.0 = Release|Any CPU
		{7068676A-0DED-49A2-8C57-8F75C038EDD5}.Debug|Any CPU.ActiveCfg = Debug|Any CPU
		{7068676A-0DED-49A2-8C57-8F75C038EDD5}.Debug|Any CPU.Build.0 = Debug|Any CPU
		{7068676A-0DED-49A2-8C57-8F75C038EDD5}.Release|Any CPU.ActiveCfg = Release|Any CPU
		{7068676A-0DED-49A2-8C57-8F75C038EDD5}.Release|Any CPU.Build.0 = Release|Any CPU
	EndGlobalSection
	GlobalSection(SolutionProperties) = preSolution
		HideSolutionNode = FALSE
	EndGlobalSection
	GlobalSection(NestedProjects) = preSolution
		{DF517D09-FE0B-488E-89B9-520CD948E95B} = {D854C5B6-4514-4911-91CA-47D747484C97}
		{C6F947FD-23CF-42A2-80CA-29A390DC1A7C} = {D854C5B6-4514-4911-91CA-47D747484C97}
	EndGlobalSection
	GlobalSection(ExtensibilityGlobals) = postSolution
		SolutionGuid = {886779FE-B1AA-4B88-BFBA-4ED6187FC214}
	EndGlobalSection
EndGlobal
